
Microsoft Visual Studio Solution File, Format Version 12.00
# Visual Studio Version 17
VisualStudioVersion = 17.3.32825.248
MinimumVisualStudioVersion = 10.0.40219.1
Project("{FAE04EC0-301F-11D3-BF4B-00C04F79EFBC}") = "Kanban", "Kanban\Kanban.csproj", "{BED05CD6-E00B-4369-9AD3-AE6D8515DC48}"
EndProject
Global
	GlobalSection(SolutionConfigurationPlatforms) = preSolution
		Debug|Any CPU = Debug|Any CPU
		Release|Any CPU = Release|Any CPU
	EndGlobalSection
	GlobalSection(ProjectConfigurationPlatforms) = postSolution
		{BED05CD6-E00B-4369-9AD3-AE6D8515DC48}.Debug|Any CPU.ActiveCfg = Debug|Any CPU
		{BED05CD6-E00B-4369-9AD3-AE6D8515DC48}.Debug|Any CPU.Build.0 = Debug|Any CPU
		{BED05CD6-E00B-4369-9AD3-AE6D8515DC48}.Release|Any CPU.ActiveCfg = Release|Any CPU
		{BED05CD6-E00B-4369-9AD3-AE6D8515DC48}.Release|Any CPU.Build.0 = Release|Any CPU
	EndGlobalSection
	GlobalSection(SolutionProperties) = preSolution
		HideSolutionNode = FALSE
	EndGlobalSection
	GlobalSection(ExtensibilityGlobals) = postSolution
		SolutionGuid = {82A23B8A-8112-4114-841A-726C70853424}
	EndGlobalSection
EndGlobal
